<?xml version="1.0" encoding="utf-8"?>
<Project ToolsVersion="4.0" xmlns="http://schemas.microsoft.com/developer/msbuild/2003">
  <ItemGroup>
    <Filter Include="Source Files">
      <UniqueIdentifier>{4FC737F1-C7A5-4376-A066-2A32D752A2FF}</UniqueIdentifier>
      <Extensions>cpp;c;cc;cxx;def;odl;idl;hpj;bat;asm;asmx</Extensions>
    </Filter>
    <Filter Include="Header Files">
      <UniqueIdentifier>{93995380-89BD-4b04-88EB-625FBE52EBFB}</UniqueIdentifier>
      <Extensions>h;hh;hpp;hxx;hm;inl;inc;ipp;xsd</Extensions>
    </Filter>
    <Filter Include="Resource Files">
      <UniqueIdentifier>{67DA6AB6-F800-4c08-8B7A-83BB121AAD01}</UniqueIdentifier>
      <Extensions>rc;ico;cur;bmp;dlg;rc2;rct;bin;rgs;gif;jpg;jpeg;jpe;resx;tiff;tif;png;wav;mfcribbon-ms</Extensions>
    </Filter>
  </ItemGroup>
  <ItemGroup>
    <ClCompile Include="src\Source.cpp">
      <Filter>Source Files</Filter>
    </ClCompile>
    <ClCompile Include="src\lidar_converter\m_file.cpp">
      <Filter>Source Files</Filter>
    </ClCompile>
    <ClCompile Include="src\lidar_converter\m_dblock.cpp">
      <Filter>Source Files</Filter>
    </ClCompile>
    <ClCompile Include="src\lidar_converter\m_packet_process.cpp">
      <Filter>Source Files</Filter>
    </ClCompile>
    <ClCompile Include="src\lidar_converter\m_process_translation.cpp">
      <Filter>Source Files</Filter>
    </ClCompile>
    <ClCompile Include="src\lidar_converter\m_packet.cpp">
      <Filter>Source Files</Filter>
    </ClCompile>
    <ClCompile Include="src\nmea_converter\m_conv_nmea_char.cpp">
      <Filter>Source Files</Filter>
    </ClCompile>
    <ClCompile Include="src\nmea_converter\m_conv_nmea_packet.cpp">
      <Filter>Source Files</Filter>
    </ClCompile>
    <ClCompile Include="src\lidar_math\m_interpolate.cpp">
      <Filter>Source Files</Filter>
    </ClCompile>
    <ClCompile Include="src\lidar_math\m_atoxyz.cpp">
      <Filter>Source Files</Filter>
    </ClCompile>
    <ClCompile Include="src\packet_data\m_block_read.cpp">
      <Filter>Source Files</Filter>
    </ClCompile>
    <ClCompile Include="src\shader\m_load_shader.cpp">
      <Filter>Source Files</Filter>
    </ClCompile>
  </ItemGroup>
  <ItemGroup>
    <ClInclude Include="include\lidar_converter.h">
      <Filter>Header Files</Filter>
    </ClInclude>
    <ClInclude Include="include\math_l.h">
      <Filter>Header Files</Filter>
    </ClInclude>
    <ClInclude Include="include\nmea_converter.h">
      <Filter>Header Files</Filter>
    </ClInclude>
    <ClInclude Include="include\packet_data.h">
      <Filter>Header Files</Filter>
    </ClInclude>
    <ClInclude Include="include\shader.h">
      <Filter>Header Files</Filter>
    </ClInclude>
    <ClInclude Include="src\nmea_converter\h_nmea_converter_common.h">
      <Filter>Header Files</Filter>
    </ClInclude>
    <ClInclude Include="src\lidar_converter\h_lidar_converter_common.h">
      <Filter>Header Files</Filter>
    </ClInclude>
    <ClInclude Include="src\lidar_math\h_lidar_math_common.h">
      <Filter>Header Files</Filter>
    </ClInclude>
    <ClInclude Include="src\packet_data\h_packet_data_common.h">
      <Filter>Header Files</Filter>
    </ClInclude>
    <ClInclude Include="src\shader\h_shader_common.h">
      <Filter>Header Files</Filter>
    </ClInclude>
  </ItemGroup>
  <ItemGroup>
    <None Include="lidarshader.vert">
      <Filter>Resource Files</Filter>
    </None>
    <None Include="lidarshader.frag">
      <Filter>Resource Files</Filter>
    </None>
  </ItemGroup>
</Project>