<?xml version="1.0" encoding="utf-8"?>
<Project ToolsVersion="4.0" xmlns="http://schemas.microsoft.com/developer/msbuild/2003">
  <ItemGroup>
    <Filter Include="Source Files">
      <UniqueIdentifier>{4FC737F1-C7A5-4376-A066-2A32D752A2FF}</UniqueIdentifier>
      <Extensions>cpp;c;cc;cxx;def;odl;idl;hpj;bat;asm;asmx</Extensions>
    </Filter>
    <Filter Include="Header Files">
      <UniqueIdentifier>{93995380-89BD-4b04-88EB-625FBE52EBFB}</UniqueIdentifier>
      <Extensions>h;hh;hpp;hxx;hm;inl;inc;ipp;xsd</Extensions>
    </Filter>
    <Filter Include="Resource Files">
      <UniqueIdentifier>{67DA6AB6-F800-4c08-8B7A-83BB121AAD01}</UniqueIdentifier>
      <Extensions>rc;ico;cur;bmp;dlg;rc2;rct;bin;rgs;gif;jpg;jpeg;jpe;resx;tiff;tif;png;wav;mfcribbon-ms</Extensions>
    </Filter>
  </ItemGroup>
  <ItemGroup>
    <ClCompile Include="src\Source.cpp">
      <Filter>Source Files</Filter>
    </ClCompile>
    <ClCompile Include="src\nmea_converter\m_conv_nmea_char.cpp">
      <Filter>Source Files</Filter>
    </ClCompile>
    <ClCompile Include="src\nmea_converter\m_conv_nmea_packet.cpp">
      <Filter>Source Files</Filter>
    </ClCompile>
    <ClCompile Include="src\lidar_converter\m_conv_file.cpp">
      <Filter>Source Files</Filter>
    </ClCompile>
    <ClCompile Include="src\lidar_converter\m_load_file_color.cpp">
      <Filter>Source Files</Filter>
    </ClCompile>
    <ClCompile Include="src\lidar_converter\m_load_file_data.cpp">
      <Filter>Source Files</Filter>
    </ClCompile>
    <ClCompile Include="src\lidar_converter\m_load_file_data_range.cpp">
      <Filter>Source Files</Filter>
    </ClCompile>
    <ClCompile Include="src\lidar_converter\m_load_file_color_range.cpp">
      <Filter>Source Files</Filter>
    </ClCompile>
    <ClCompile Include="src\shader\m_link_shader.cpp">
      <Filter>Source Files</Filter>
    </ClCompile>
    <ClCompile Include="src\shader\m_load_program.cpp">
      <Filter>Source Files</Filter>
    </ClCompile>
    <ClCompile Include="src\lidar_converter\m_load_file_gps.cpp">
      <Filter>Source Files</Filter>
    </ClCompile>
    <ClCompile Include="src\nmea_converter\m_conv_nmea_char_course.cpp">
      <Filter>Source Files</Filter>
    </ClCompile>
    <ClCompile Include="src\nmea_converter\m_conv_nmea_packet_course.cpp">
      <Filter>Source Files</Filter>
    </ClCompile>
    <ClCompile Include="src\nmea_converter\m_conv_nmea_geoloc_buf.cpp">
      <Filter>Source Files</Filter>
    </ClCompile>
    <ClCompile Include="src\nmea_converter\m_conv_nmea_geoloc_packet.cpp">
      <Filter>Source Files</Filter>
    </ClCompile>
    <ClCompile Include="src\lidar_converter\framing\m_load_frames.cpp">
      <Filter>Source Files</Filter>
    </ClCompile>
    <ClCompile Include="src\lidar_converter\locm_process_translation.cpp">
      <Filter>Source Files</Filter>
    </ClCompile>
    <ClCompile Include="src\lidar_converter\locm_load_packets.cpp">
      <Filter>Source Files</Filter>
    </ClCompile>
    <ClCompile Include="src\lidar_converter\framing\locm_azimuth_cross.cpp">
      <Filter>Source Files</Filter>
    </ClCompile>
    <ClCompile Include="src\packet_data\m_load_packets_data.cpp">
      <Filter>Source Files</Filter>
    </ClCompile>
    <ClCompile Include="src\nmea_converter\m_load_packets_pos.cpp">
      <Filter>Source Files</Filter>
    </ClCompile>
    <ClCompile Include="src\lidar_math\generic\m_atoxyz.cpp">
      <Filter>Source Files</Filter>
    </ClCompile>
    <ClCompile Include="src\lidar_math\generic\m_interpolate.cpp">
      <Filter>Source Files</Filter>
    </ClCompile>
    <ClCompile Include="src\lidar_math\generic\m_interpolatef.cpp">
      <Filter>Source Files</Filter>
    </ClCompile>
    <ClCompile Include="src\lidar_math\curve\m_add_point.cpp">
      <Filter>Source Files</Filter>
    </ClCompile>
    <ClCompile Include="src\lidar_math\curve\m_add_point_index.cpp">
      <Filter>Source Files</Filter>
    </ClCompile>
    <ClCompile Include="src\lidar_math\curve\m_remove_point.cpp">
      <Filter>Source Files</Filter>
    </ClCompile>
    <ClCompile Include="src\lidar_math\curve\m_remove_point_index.cpp">
      <Filter>Source Files</Filter>
    </ClCompile>
    <ClCompile Include="src\lidar_math\curve\m_calculate_curve.cpp">
      <Filter>Source Files</Filter>
    </ClCompile>
  </ItemGroup>
  <ItemGroup>
    <ClInclude Include="include\lidar_converter.h">
      <Filter>Header Files</Filter>
    </ClInclude>
    <ClInclude Include="include\nmea_converter.h">
      <Filter>Header Files</Filter>
    </ClInclude>
    <ClInclude Include="include\packet_data.h">
      <Filter>Header Files</Filter>
    </ClInclude>
    <ClInclude Include="include\shader.h">
      <Filter>Header Files</Filter>
    </ClInclude>
    <ClInclude Include="src\nmea_converter\h_nmea_converter_common.h">
      <Filter>Header Files</Filter>
    </ClInclude>
    <ClInclude Include="src\lidar_converter\h_lidar_converter_common.h">
      <Filter>Header Files</Filter>
    </ClInclude>
    <ClInclude Include="src\packet_data\h_packet_data_common.h">
      <Filter>Header Files</Filter>
    </ClInclude>
    <ClInclude Include="src\shader\h_shader_common.h">
      <Filter>Header Files</Filter>
    </ClInclude>
    <ClInclude Include="include\point.h">
      <Filter>Header Files</Filter>
    </ClInclude>
    <ClInclude Include="include\color.h">
      <Filter>Header Files</Filter>
    </ClInclude>
    <ClInclude Include="include\pcap_headers\packet_types.h">
      <Filter>Header Files</Filter>
    </ClInclude>
    <ClInclude Include="include\pcap_headers\pcap_global_header.h">
      <Filter>Header Files</Filter>
    </ClInclude>
    <ClInclude Include="include\pcap_headers\pcap_packet_header.h">
      <Filter>Header Files</Filter>
    </ClInclude>
    <ClInclude Include="src\lidar_converter\framing\h_lidar_converter_framing_common.h">
      <Filter>Header Files</Filter>
    </ClInclude>
    <ClInclude Include="include\lidar_framing.h">
      <Filter>Header Files</Filter>
    </ClInclude>
    <ClInclude Include="include\math\math_generic.h">
      <Filter>Header Files</Filter>
    </ClInclude>
    <ClInclude Include="include\math\math_curve_graph.h">
      <Filter>Header Files</Filter>
    </ClInclude>
    <ClInclude Include="src\lidar_math\generic\h_lidar_math_generic_common.h">
      <Filter>Header Files</Filter>
    </ClInclude>
    <ClInclude Include="src\lidar_math\curve\h_lidar_math_curve_common.h">
      <Filter>Header Files</Filter>
    </ClInclude>
  </ItemGroup>
  <ItemGroup>
    <None Include="shaders\lidarshader.frag">
      <Filter>Resource Files</Filter>
    </None>
    <None Include="shaders\lidarshader.vert">
      <Filter>Resource Files</Filter>
    </None>
  </ItemGroup>
</Project>