
Microsoft Visual Studio Solution File, Format Version 12.00
# Visual Studio 15
VisualStudioVersion = 15.0.28307.421
MinimumVisualStudioVersion = 10.0.40219.1
Project("{8BC9CEB8-8B4A-11D0-8D11-00A0C91BC942}") = "Lidar_Software", "Lidar_Software\Lidar_Software.vcxitems", "{F9EBB7B8-79FB-4D83-9DCF-4BFDFD763FCB}"
EndProject
Project("{8BC9CEB8-8B4A-11D0-8D11-00A0C91BC942}") = "Lidar_Benchmarker", "Lidar_Benchmarker\Lidar_Benchmarker.vcxproj", "{B21F347D-6467-4D76-813E-1FB3C23BB281}"
EndProject
Project("{8BC9CEB8-8B4A-11D0-8D11-00A0C91BC942}") = "Lidar_Renderer", "Lidar_Renderer\Lidar_Renderer.vcxproj", "{C86B50A8-9C13-4C85-B41F-AE30E56E1332}"
EndProject
Global
	GlobalSection(SharedMSBuildProjectFiles) = preSolution
		Lidar_Software\Lidar_Software.vcxitems*{b21f347d-6467-4d76-813e-1fb3c23bb281}*SharedItemsImports = 4
		Lidar_Software\Lidar_Software.vcxitems*{c86b50a8-9c13-4c85-b41f-ae30e56e1332}*SharedItemsImports = 4
		Lidar_Software\Lidar_Software.vcxitems*{f9ebb7b8-79fb-4d83-9dcf-4bfdfd763fcb}*SharedItemsImports = 9
	EndGlobalSection
	GlobalSection(SolutionConfigurationPlatforms) = preSolution
		Debug|x64 = Debug|x64
		Debug|x86 = Debug|x86
		Release|x64 = Release|x64
		Release|x86 = Release|x86
	EndGlobalSection
	GlobalSection(ProjectConfigurationPlatforms) = postSolution
		{B21F347D-6467-4D76-813E-1FB3C23BB281}.Debug|x64.ActiveCfg = Debug|x64
		{B21F347D-6467-4D76-813E-1FB3C23BB281}.Debug|x64.Build.0 = Debug|x64
		{B21F347D-6467-4D76-813E-1FB3C23BB281}.Debug|x86.ActiveCfg = Debug|Win32
		{B21F347D-6467-4D76-813E-1FB3C23BB281}.Debug|x86.Build.0 = Debug|Win32
		{B21F347D-6467-4D76-813E-1FB3C23BB281}.Release|x64.ActiveCfg = Release|x64
		{B21F347D-6467-4D76-813E-1FB3C23BB281}.Release|x64.Build.0 = Release|x64
		{B21F347D-6467-4D76-813E-1FB3C23BB281}.Release|x86.ActiveCfg = Release|Win32
		{B21F347D-6467-4D76-813E-1FB3C23BB281}.Release|x86.Build.0 = Release|Win32
		{C86B50A8-9C13-4C85-B41F-AE30E56E1332}.Debug|x64.ActiveCfg = Debug|x64
		{C86B50A8-9C13-4C85-B41F-AE30E56E1332}.Debug|x64.Build.0 = Debug|x64
		{C86B50A8-9C13-4C85-B41F-AE30E56E1332}.Debug|x86.ActiveCfg = Debug|Win32
		{C86B50A8-9C13-4C85-B41F-AE30E56E1332}.Debug|x86.Build.0 = Debug|Win32
		{C86B50A8-9C13-4C85-B41F-AE30E56E1332}.Release|x64.ActiveCfg = Release|x64
		{C86B50A8-9C13-4C85-B41F-AE30E56E1332}.Release|x64.Build.0 = Release|x64
		{C86B50A8-9C13-4C85-B41F-AE30E56E1332}.Release|x86.ActiveCfg = Release|Win32
		{C86B50A8-9C13-4C85-B41F-AE30E56E1332}.Release|x86.Build.0 = Release|Win32
	EndGlobalSection
	GlobalSection(SolutionProperties) = preSolution
		HideSolutionNode = FALSE
	EndGlobalSection
	GlobalSection(ExtensibilityGlobals) = postSolution
		SolutionGuid = {E120DAE3-5D17-4400-9F5C-79485254BA69}
	EndGlobalSection
EndGlobal
